// !$*UTF8*$!
{
	archiveVersion = 1;
	classes = {
	};
	objectVersion = 56;
	objects = {

/* Begin PBXBuildFile section */
		5FB4D078B92A2926404EE04D /* PersonalOSApp.swift in Sources */ = {isa = PBXBuildFile; fileRef = DFBBD24766B6D7AE8E932BC1 /* PersonalOSApp.swift */; };
		6724D0276414847A56CD2982 /* CryptoService.swift in Sources */ = {isa = PBXBuildFile; fileRef = 06F95A9D4D61355F3C130CB3 /* CryptoService.swift */; };
		134ED0B856DB262CBA30AAB1 /* Offer.swift in Sources */ = {isa = PBXBuildFile; fileRef = 71C33AD96BDDFD241887B195 /* Offer.swift */; };
		092090665D831749FF085ADD /* Konnection.swift in Sources */ = {isa = PBXBuildFile; fileRef = DA616363DDE7A6E135B14CB9 /* Konnection.swift */; };
		DA988964CA3955E84963BEC8 /* Soul.swift in Sources */ = {isa = PBXBuildFile; fileRef = 4A90C89B39A0C1B7E4C0E24A /* Soul.swift */; };
		FD53B2DABF1895E90EF6B9EC /* Insight.swift in Sources */ = {isa = PBXBuildFile; fileRef = 4676C5F8ADCF9FC1043A16C1 /* Insight.swift */; };
		1B22793F196CB4BF46F54EF5 /* SoulTransaktion.swift in Sources */ = {isa = PBXBuildFile; fileRef = 8BFCC542A0ED26AB1463DDCC /* SoulTransaktion.swift */; };
		34CA2D56DCE244AA467B1358 /* Consent.swift in Sources */ = {isa = PBXBuildFile; fileRef = 4BD80AC2733006437E6658B7 /* Consent.swift */; };
		6DFD93B6FC1F4572BE7CF902 /* MainTabView.swift in Sources */ = {isa = PBXBuildFile; fileRef = 12913F7B8648525FEAA12E4C /* MainTabView.swift */; };
		F9914D0BE166427572546196 /* InsightFeedView.swift in Sources */ = {isa = PBXBuildFile; fileRef = DA16E4324F9F26DE07FDBFBB /* InsightFeedView.swift */; };
		A05B8DF0B91DEB5A4455C5ED /* WalletView.swift in Sources */ = {isa = PBXBuildFile; fileRef = 728FDF53C345043681CCBFE0 /* WalletView.swift */; };
		AAE8199C1064316F02787330 /* OnboardingFlow.swift in Sources */ = {isa = PBXBuildFile; fileRef = 951A0D4C77E7ADAFED80DDCA /* OnboardingFlow.swift */; };
		63B6316E390E6A5214A51318 /* PasskeyService.swift in Sources */ = {isa = PBXBuildFile; fileRef = 6D5F45F2227EA7D7CD815942 /* PasskeyService.swift */; };
		A471AC0BD6C6C976883F497F /* SoulManager.swift in Sources */ = {isa = PBXBuildFile; fileRef = D397AAA931F6AC593309375D /* SoulManager.swift */; };
		419970D26ED5E44815F61CB0 /* WalletService.swift in Sources */ = {isa = PBXBuildFile; fileRef = 19C67B35A964D163071CFF76 /* WalletService.swift */; };
		C5CACA5955A5E6CFC223889C /* Assets.xcassets in Resources */ = {isa = PBXBuildFile; fileRef = 4EAC6C648890C94B1536B62B /* Assets.xcassets */; };
		5862D2D719C93139C94BE145 /* ModelTests.swift in Sources */ = {isa = PBXBuildFile; fileRef = ECB6B13E417F2CEE72259EE7 /* ModelTests.swift */; };
		6F6284C16613A2DB7FB8483E /* CryptoServiceTests.swift in Sources */ = {isa = PBXBuildFile; fileRef = 973112BD20D44EDD454F2C8D /* CryptoServiceTests.swift */; };
		B2FC082620A1327FF01EB652 /* SoulManagerTests.swift in Sources */ = {isa = PBXBuildFile; fileRef = 00D14B9727A4EA21A825A37B /* SoulManagerTests.swift */; };
/* End PBXBuildFile section */

/* Begin PBXContainerItemProxy section */
		60461D87570F86FC12C1DDE2 /* PBXContainerItemProxy */ = {
			isa = PBXContainerItemProxy;
			containerPortal = 46F86FAA6BBF9AC94A7E4595 /* Project object */;
			proxyType = 1;
			remoteGlobalIDString = 6439CF22188FA14BBD363342;
			remoteInfo = PersonalOS;
		};
/* End PBXContainerItemProxy section */

/* Begin PBXFileReference section */
		CE29BE284D8E7CDFA377A125 /* PersonalOS.app */ = {isa = PBXFileReference; explicitFileType = wrapper.application; includeInIndex = 0; path = PersonalOS.app; sourceTree = BUILT_PRODUCTS_DIR; };
		009563950D464DFEFC18EBED /* PersonalOSTests.xctest */ = {isa = PBXFileReference; explicitFileType = wrapper.cfbundle; includeInIndex = 0; path = PersonalOSTests.xctest; sourceTree = BUILT_PRODUCTS_DIR; };
		4EAC6C648890C94B1536B62B /* Assets.xcassets */ = {isa = PBXFileReference; lastKnownFileType = folder.assetcatalog; path = Assets.xcassets; sourceTree = "<group>"; };
		39514FF4012551957094CCD4 /* Preview Assets.xcassets */ = {isa = PBXFileReference; lastKnownFileType = folder.assetcatalog; path = "Preview Assets.xcassets"; sourceTree = "<group>"; };
		DFBBD24766B6D7AE8E932BC1 /* PersonalOSApp.swift */ = {isa = PBXFileReference; lastKnownFileType = sourcecode.swift; path = PersonalOSApp.swift; sourceTree = "<group>"; };
		06F95A9D4D61355F3C130CB3 /* CryptoService.swift */ = {isa = PBXFileReference; lastKnownFileType = sourcecode.swift; path = CryptoService.swift; sourceTree = "<group>"; };
		71C33AD96BDDFD241887B195 /* Offer.swift */ = {isa = PBXFileReference; lastKnownFileType = sourcecode.swift; path = Offer.swift; sourceTree = "<group>"; };
		DA616363DDE7A6E135B14CB9 /* Konnection.swift */ = {isa = PBXFileReference; lastKnownFileType = sourcecode.swift; path = Konnection.swift; sourceTree = "<group>"; };
		4A90C89B39A0C1B7E4C0E24A /* Soul.swift */ = {isa = PBXFileReference; lastKnownFileType = sourcecode.swift; path = Soul.swift; sourceTree = "<group>"; };
		4676C5F8ADCF9FC1043A16C1 /* Insight.swift */ = {isa = PBXFileReference; lastKnownFileType = sourcecode.swift; path = Insight.swift; sourceTree = "<group>"; };
		8BFCC542A0ED26AB1463DDCC /* SoulTransaktion.swift */ = {isa = PBXFileReference; lastKnownFileType = sourcecode.swift; path = SoulTransaktion.swift; sourceTree = "<group>"; };
		4BD80AC2733006437E6658B7 /* Consent.swift */ = {isa = PBXFileReference; lastKnownFileType = sourcecode.swift; path = Consent.swift; sourceTree = "<group>"; };
		12913F7B8648525FEAA12E4C /* MainTabView.swift */ = {isa = PBXFileReference; lastKnownFileType = sourcecode.swift; path = MainTabView.swift; sourceTree = "<group>"; };
		DA16E4324F9F26DE07FDBFBB /* InsightFeedView.swift */ = {isa = PBXFileReference; lastKnownFileType = sourcecode.swift; path = InsightFeedView.swift; sourceTree = "<group>"; };
		728FDF53C345043681CCBFE0 /* WalletView.swift */ = {isa = PBXFileReference; lastKnownFileType = sourcecode.swift; path = WalletView.swift; sourceTree = "<group>"; };
		951A0D4C77E7ADAFED80DDCA /* OnboardingFlow.swift */ = {isa = PBXFileReference; lastKnownFileType = sourcecode.swift; path = OnboardingFlow.swift; sourceTree = "<group>"; };
		6D5F45F2227EA7D7CD815942 /* PasskeyService.swift */ = {isa = PBXFileReference; lastKnownFileType = sourcecode.swift; path = PasskeyService.swift; sourceTree = "<group>"; };
		D397AAA931F6AC593309375D /* SoulManager.swift */ = {isa = PBXFileReference; lastKnownFileType = sourcecode.swift; path = SoulManager.swift; sourceTree = "<group>"; };
		19C67B35A964D163071CFF76 /* WalletService.swift */ = {isa = PBXFileReference; lastKnownFileType = sourcecode.swift; path = WalletService.swift; sourceTree = "<group>"; };
		ECB6B13E417F2CEE72259EE7 /* ModelTests.swift */ = {isa = PBXFileReference; lastKnownFileType = sourcecode.swift; path = ModelTests.swift; sourceTree = "<group>"; };
		973112BD20D44EDD454F2C8D /* CryptoServiceTests.swift */ = {isa = PBXFileReference; lastKnownFileType = sourcecode.swift; path = CryptoServiceTests.swift; sourceTree = "<group>"; };
		00D14B9727A4EA21A825A37B /* SoulManagerTests.swift */ = {isa = PBXFileReference; lastKnownFileType = sourcecode.swift; path = SoulManagerTests.swift; sourceTree = "<group>"; };
/* End PBXFileReference section */

/* Begin PBXFrameworksBuildPhase section */
		56BAF137DAAFD967197255D3 /* Frameworks */ = {
			isa = PBXFrameworksBuildPhase;
			buildActionMask = 2147483647;
			files = (
			);
			runOnlyForDeploymentPostprocessing = 0;
		};
		72EAF812E2D653AC0BDA8C73 /* Frameworks */ = {
			isa = PBXFrameworksBuildPhase;
			buildActionMask = 2147483647;
			files = (
			);
			runOnlyForDeploymentPostprocessing = 0;
		};
/* End PBXFrameworksBuildPhase section */

/* Begin PBXGroup section */
		7882D14E196057770B59E53D = {
			isa = PBXGroup;
			children = (
				1849FC21AAEE98122148FC2B /* PersonalOS */,
				8F31C73D90E2A9A9741F91EE /* PersonalOSTests */,
				BF7A2D27A78D590BDEF15AF2 /* Products */,
			);
			sourceTree = "<group>";
		};
		BF7A2D27A78D590BDEF15AF2 /* Products */ = {
			isa = PBXGroup;
			children = (
				CE29BE284D8E7CDFA377A125 /* PersonalOS.app */,
				009563950D464DFEFC18EBED /* PersonalOSTests.xctest */,
			);
			name = Products;
			sourceTree = "<group>";
		};
		1849FC21AAEE98122148FC2B /* PersonalOS */ = {
			isa = PBXGroup;
			children = (
				DFBBD24766B6D7AE8E932BC1 /* PersonalOSApp.swift */,
				CA608C0B22E7B6F9B389BDDD /* Models */,
				95DF61116CBC7317336DBE03 /* Services */,
				05C5F1ABDCFEEA393695FE6B /* Crypto */,
				78EF4B0EA3FDA2A792BCF074 /* Views */,
				4EAC6C648890C94B1536B62B /* Assets.xcassets */,
				A5F37CE1C9C1E455B62F0A8F /* Preview Content */,
			);
			path = PersonalOS;
			sourceTree = "<group>";
		};
		CA608C0B22E7B6F9B389BDDD /* Models */ = {
			isa = PBXGroup;
			children = (
				71C33AD96BDDFD241887B195 /* Offer.swift */,
				DA616363DDE7A6E135B14CB9 /* Konnection.swift */,
				4A90C89B39A0C1B7E4C0E24A /* Soul.swift */,
				4676C5F8ADCF9FC1043A16C1 /* Insight.swift */,
				8BFCC542A0ED26AB1463DDCC /* SoulTransaktion.swift */,
				4BD80AC2733006437E6658B7 /* Consent.swift */,
			);
			path = Models;
			sourceTree = "<group>";
		};
		95DF61116CBC7317336DBE03 /* Services */ = {
			isa = PBXGroup;
			children = (
				6D5F45F2227EA7D7CD815942 /* PasskeyService.swift */,
				D397AAA931F6AC593309375D /* SoulManager.swift */,
				19C67B35A964D163071CFF76 /* WalletService.swift */,
			);
			path = Services;
			sourceTree = "<group>";
		};
		05C5F1ABDCFEEA393695FE6B /* Crypto */ = {
			isa = PBXGroup;
			children = (
				06F95A9D4D61355F3C130CB3 /* CryptoService.swift */,
			);
			path = Crypto;
			sourceTree = "<group>";
		};
		78EF4B0EA3FDA2A792BCF074 /* Views */ = {
			isa = PBXGroup;
			children = (
				12913F7B8648525FEAA12E4C /* MainTabView.swift */,
				4E9CB4AF9BF0A8B48927C2E9 /* Onboarding */,
				95AB66205B837116F5C86CCF /* Insights */,
				15A9EDED539C80781EA11EE7 /* Wallet */,
			);
			path = Views;
			sourceTree = "<group>";
		};
		4E9CB4AF9BF0A8B48927C2E9 /* Onboarding */ = {
			isa = PBXGroup;
			children = (
				951A0D4C77E7ADAFED80DDCA /* OnboardingFlow.swift */,
			);
			path = Onboarding;
			sourceTree = "<group>";
		};
		95AB66205B837116F5C86CCF /* Insights */ = {
			isa = PBXGroup;
			children = (
				DA16E4324F9F26DE07FDBFBB /* InsightFeedView.swift */,
			);
			path = Insights;
			sourceTree = "<group>";
		};
		15A9EDED539C80781EA11EE7 /* Wallet */ = {
			isa = PBXGroup;
			children = (
				728FDF53C345043681CCBFE0 /* WalletView.swift */,
			);
			path = Wallet;
			sourceTree = "<group>";
		};
		A5F37CE1C9C1E455B62F0A8F /* Preview Content */ = {
			isa = PBXGroup;
			children = (
				39514FF4012551957094CCD4 /* Preview Assets.xcassets */,
			);
			path = "Preview Content";
			sourceTree = "<group>";
		};
		8F31C73D90E2A9A9741F91EE /* PersonalOSTests */ = {
			isa = PBXGroup;
			children = (
				ECB6B13E417F2CEE72259EE7 /* ModelTests.swift */,
				973112BD20D44EDD454F2C8D /* CryptoServiceTests.swift */,
				00D14B9727A4EA21A825A37B /* SoulManagerTests.swift */,
			);
			path = PersonalOSTests;
			sourceTree = "<group>";
		};
/* End PBXGroup section */

/* Begin PBXNativeTarget section */
		6439CF22188FA14BBD363342 /* PersonalOS */ = {
			isa = PBXNativeTarget;
			buildConfigurationList = 4A3F8A7386649DBC83DE8288 /* Build configuration list for PBXNativeTarget "PersonalOS" */;
			buildPhases = (
				869AA75568406BC6181D282D /* Sources */,
				56BAF137DAAFD967197255D3 /* Frameworks */,
				77417434AB4C68AD87C05857 /* Resources */,
			);
			buildRules = (
			);
			dependencies = (
			);
			name = PersonalOS;
			productName = PersonalOS;
			productReference = CE29BE284D8E7CDFA377A125 /* PersonalOS.app */;
			productType = "com.apple.product-type.application";
		};
		BA128F9D3C0D15FFB32AEEA8 /* PersonalOSTests */ = {
			isa = PBXNativeTarget;
			buildConfigurationList = AF122CB3EAF4E6DA266B414D /* Build configuration list for PBXNativeTarget "PersonalOSTests" */;
			buildPhases = (
				6E010B3D85AA514D3FB28B7F /* Sources */,
				72EAF812E2D653AC0BDA8C73 /* Frameworks */,
			);
			buildRules = (
			);
			dependencies = (
				0899665CB70B51364FD3EACC /* PBXTargetDependency */,
			);
			name = PersonalOSTests;
			productName = PersonalOSTests;
			productReference = 009563950D464DFEFC18EBED /* PersonalOSTests.xctest */;
			productType = "com.apple.product-type.bundle.unit-test";
		};
/* End PBXNativeTarget section */

/* Begin PBXProject section */
		46F86FAA6BBF9AC94A7E4595 /* Project object */ = {
			isa = PBXProject;
			attributes = {
				BuildIndependentTargetsInParallel = 1;
				LastSwiftUpdateCheck = 1500;
				LastUpgradeCheck = 1500;
			};
			buildConfigurationList = 3326E809A30B4ED080159F64 /* Build configuration list for PBXProject "PersonalOS" */;
			compatibilityVersion = "Xcode 14.0";
			developmentRegion = en;
			hasScannedForEncodings = 0;
			knownRegions = (
				en,
				Base,
			);
			mainGroup = 7882D14E196057770B59E53D;
			productRefGroup = BF7A2D27A78D590BDEF15AF2 /* Products */;
			projectDirPath = "";
			projectRoot = "";
			targets = (
				6439CF22188FA14BBD363342 /* PersonalOS */,
				BA128F9D3C0D15FFB32AEEA8 /* PersonalOSTests */,
			);
		};
/* End PBXProject section */

/* Begin PBXResourcesBuildPhase section */
		77417434AB4C68AD87C05857 /* Resources */ = {
			isa = PBXResourcesBuildPhase;
			buildActionMask = 2147483647;
			files = (
				C5CACA5955A5E6CFC223889C /* Assets.xcassets in Resources */,
			);
			runOnlyForDeploymentPostprocessing = 0;
		};
/* End PBXResourcesBuildPhase section */

/* Begin PBXSourcesBuildPhase section */
		869AA75568406BC6181D282D /* Sources */ = {
			isa = PBXSourcesBuildPhase;
			buildActionMask = 2147483647;
			files = (
				5FB4D078B92A2926404EE04D /* PersonalOSApp.swift in Sources */,
				6724D0276414847A56CD2982 /* CryptoService.swift in Sources */,
				134ED0B856DB262CBA30AAB1 /* Offer.swift in Sources */,
				092090665D831749FF085ADD /* Konnection.swift in Sources */,
				DA988964CA3955E84963BEC8 /* Soul.swift in Sources */,
				FD53B2DABF1895E90EF6B9EC /* Insight.swift in Sources */,
				1B22793F196CB4BF46F54EF5 /* SoulTransaktion.swift in Sources */,
				34CA2D56DCE244AA467B1358 /* Consent.swift in Sources */,
				6DFD93B6FC1F4572BE7CF902 /* MainTabView.swift in Sources */,
				F9914D0BE166427572546196 /* InsightFeedView.swift in Sources */,
				A05B8DF0B91DEB5A4455C5ED /* WalletView.swift in Sources */,
				AAE8199C1064316F02787330 /* OnboardingFlow.swift in Sources */,
				63B6316E390E6A5214A51318 /* PasskeyService.swift in Sources */,
				A471AC0BD6C6C976883F497F /* SoulManager.swift in Sources */,
				419970D26ED5E44815F61CB0 /* WalletService.swift in Sources */,
			);
			runOnlyForDeploymentPostprocessing = 0;
		};
		6E010B3D85AA514D3FB28B7F /* Sources */ = {
			isa = PBXSourcesBuildPhase;
			buildActionMask = 2147483647;
			files = (
				5862D2D719C93139C94BE145 /* ModelTests.swift in Sources */,
				6F6284C16613A2DB7FB8483E /* CryptoServiceTests.swift in Sources */,
				B2FC082620A1327FF01EB652 /* SoulManagerTests.swift in Sources */,
			);
			runOnlyForDeploymentPostprocessing = 0;
		};
/* End PBXSourcesBuildPhase section */

/* Begin PBXTargetDependency section */
		0899665CB70B51364FD3EACC /* PBXTargetDependency */ = {
			isa = PBXTargetDependency;
			target = 6439CF22188FA14BBD363342 /* PersonalOS */;
			targetProxy = 60461D87570F86FC12C1DDE2 /* PBXContainerItemProxy */;
		};
/* End PBXTargetDependency section */

/* Begin XCBuildConfiguration section */
		EC86DC4F4B4C60C3EC031655 /* Debug */ = {
			isa = XCBuildConfiguration;
			buildSettings = {
				ALWAYS_SEARCH_USER_PATHS = NO;
				CLANG_ANALYZER_NONNULL = YES;
				CLANG_CXX_LANGUAGE_STANDARD = "gnu++20";
				CLANG_ENABLE_MODULES = YES;
				CLANG_ENABLE_OBJC_ARC = YES;
				COPY_PHASE_STRIP = NO;
				DEBUG_INFORMATION_FORMAT = dwarf;
				ENABLE_STRICT_OBJC_MSGSEND = YES;
				ENABLE_TESTABILITY = YES;
				GCC_DYNAMIC_NO_PIC = NO;
				GCC_OPTIMIZATION_LEVEL = 0;
				GCC_PREPROCESSOR_DEFINITIONS = (
					"DEBUG=1",
					"$(inherited)",
				);
				GCC_WARN_ABOUT_RETURN_TYPE = YES_ERROR;
				GCC_WARN_UNINITIALIZED_AUTOS = YES_AGGRESSIVE;
				IPHONEOS_DEPLOYMENT_TARGET = 17.0;
				MTL_ENABLE_DEBUG_INFO = INCLUDE_SOURCE;
				ONLY_ACTIVE_ARCH = YES;
				SDKROOT = iphoneos;
				SWIFT_ACTIVE_COMPILATION_CONDITIONS = "$(inherited) DEBUG";
				SWIFT_OPTIMIZATION_LEVEL = "-Onone";
			};
			name = Debug;
		};
		7BF40F069D95C38DE60AA602 /* Release */ = {
			isa = XCBuildConfiguration;
			buildSettings = {
				ALWAYS_SEARCH_USER_PATHS = NO;
				CLANG_ANALYZER_NONNULL = YES;
				CLANG_CXX_LANGUAGE_STANDARD = "gnu++20";
				CLANG_ENABLE_MODULES = YES;
				CLANG_ENABLE_OBJC_ARC = YES;
				COPY_PHASE_STRIP = NO;
				DEBUG_INFORMATION_FORMAT = "dwarf-with-dsym";
				ENABLE_NS_ASSERTIONS = NO;
				ENABLE_STRICT_OBJC_MSGSEND = YES;
				GCC_WARN_ABOUT_RETURN_TYPE = YES_ERROR;
				GCC_WARN_UNINITIALIZED_AUTOS = YES_AGGRESSIVE;
				IPHONEOS_DEPLOYMENT_TARGET = 17.0;
				MTL_ENABLE_DEBUG_INFO = NO;
				SDKROOT = iphoneos;
				SWIFT_COMPILATION_MODE = wholemodule;
				VALIDATE_PRODUCT = YES;
			};
			name = Release;
		};
		0F9FC8EE2C99E07A9753399D /* Debug */ = {
			isa = XCBuildConfiguration;
			buildSettings = {
				ASSETCATALOG_COMPILER_APPICON_NAME = AppIcon;
				ASSETCATALOG_COMPILER_GLOBAL_ACCENT_COLOR_NAME = AccentColor;
				CODE_SIGN_STYLE = Automatic;
				CURRENT_PROJECT_VERSION = 1;
				DEVELOPMENT_ASSET_PATHS = "\"PersonalOS/Preview Content\"";
				ENABLE_PREVIEWS = YES;
				GENERATE_INFOPLIST_FILE = YES;
				INFOPLIST_KEY_UIApplicationSceneManifest_Generation = YES;
				INFOPLIST_KEY_UIApplicationSupportsIndirectInputEvents = YES;
				INFOPLIST_KEY_UILaunchScreen_Generation = YES;
				INFOPLIST_KEY_UISupportedInterfaceOrientations_iPad = "UIInterfaceOrientationPortrait UIInterfaceOrientationPortraitUpsideDown UIInterfaceOrientationLandscapeLeft UIInterfaceOrientationLandscapeRight";
				INFOPLIST_KEY_UISupportedInterfaceOrientations_iPhone = "UIInterfaceOrientationPortrait UIInterfaceOrientationLandscapeLeft UIInterfaceOrientationLandscapeRight";
				LD_RUNPATH_SEARCH_PATHS = (
					"$(inherited)",
					"@executable_path/Frameworks",
				);
				MARKETING_VERSION = 0.1.0;
				PRODUCT_BUNDLE_IDENTIFIER = app.personalos.PersonalOS;
				PRODUCT_NAME = "$(TARGET_NAME)";
				SWIFT_EMIT_LOC_STRINGS = YES;
				SWIFT_VERSION = 5.0;
				SUPPORTED_PLATFORMS = "iphoneos iphonesimulator";
				SUPPORTS_MACCATALYST = NO;
				TARGETED_DEVICE_FAMILY = "1,2";
			};
			name = Debug;
		};
		1483FA26082F598A11F242FF /* Release */ = {
			isa = XCBuildConfiguration;
			buildSettings = {
				ASSETCATALOG_COMPILER_APPICON_NAME = AppIcon;
				ASSETCATALOG_COMPILER_GLOBAL_ACCENT_COLOR_NAME = AccentColor;
				CODE_SIGN_STYLE = Automatic;
				CURRENT_PROJECT_VERSION = 1;
				DEVELOPMENT_ASSET_PATHS = "\"PersonalOS/Preview Content\"";
				ENABLE_PREVIEWS = YES;
				GENERATE_INFOPLIST_FILE = YES;
				INFOPLIST_KEY_UIApplicationSceneManifest_Generation = YES;
				INFOPLIST_KEY_UIApplicationSupportsIndirectInputEvents = YES;
				INFOPLIST_KEY_UILaunchScreen_Generation = YES;
				INFOPLIST_KEY_UISupportedInterfaceOrientations_iPad = "UIInterfaceOrientationPortrait UIInterfaceOrientationPortraitUpsideDown UIInterfaceOrientationLandscapeLeft UIInterfaceOrientationLandscapeRight";
				INFOPLIST_KEY_UISupportedInterfaceOrientations_iPhone = "UIInterfaceOrientationPortrait UIInterfaceOrientationLandscapeLeft UIInterfaceOrientationLandscapeRight";
				LD_RUNPATH_SEARCH_PATHS = (
					"$(inherited)",
					"@executable_path/Frameworks",
				);
				MARKETING_VERSION = 0.1.0;
				PRODUCT_BUNDLE_IDENTIFIER = app.personalos.PersonalOS;
				PRODUCT_NAME = "$(TARGET_NAME)";
				SWIFT_EMIT_LOC_STRINGS = YES;
				SUPPORTED_PLATFORMS = "iphoneos iphonesimulator";
				SUPPORTS_MACCATALYST = NO;
				SWIFT_VERSION = 5.0;
				TARGETED_DEVICE_FAMILY = "1,2";
			};
			name = Release;
		};
		7CB61F3D2D3B2A7FBA3915B0 /* Debug */ = {
			isa = XCBuildConfiguration;
			buildSettings = {
				BUNDLE_LOADER = "$(TEST_HOST)";
				CODE_SIGN_STYLE = Automatic;
				CURRENT_PROJECT_VERSION = 1;
				GENERATE_INFOPLIST_FILE = YES;
				IPHONEOS_DEPLOYMENT_TARGET = 17.0;
				MARKETING_VERSION = 1.0;
				PRODUCT_BUNDLE_IDENTIFIER = app.personalos.PersonalOSTests;
				PRODUCT_NAME = "$(TARGET_NAME)";
				SWIFT_EMIT_LOC_STRINGS = NO;
				SWIFT_VERSION = 5.0;
				SUPPORTED_PLATFORMS = "iphoneos iphonesimulator";
				SUPPORTS_MACCATALYST = NO;
				TARGETED_DEVICE_FAMILY = "1,2";
				TEST_HOST = "$(BUILT_PRODUCTS_DIR)/PersonalOS.app/$(BUNDLE_EXECUTABLE_FOLDER_PATH)/PersonalOS";
			};
			name = Debug;
		};
		C3B1D3E1EA0DF0CA96EE4015 /* Release */ = {
			isa = XCBuildConfiguration;
			buildSettings = {
				BUNDLE_LOADER = "$(TEST_HOST)";
				CODE_SIGN_STYLE = Automatic;
				CURRENT_PROJECT_VERSION = 1;
				GENERATE_INFOPLIST_FILE = YES;
				IPHONEOS_DEPLOYMENT_TARGET = 17.0;
				MARKETING_VERSION = 1.0;
				PRODUCT_BUNDLE_IDENTIFIER = app.personalos.PersonalOSTests;
				PRODUCT_NAME = "$(TARGET_NAME)";
				SWIFT_EMIT_LOC_STRINGS = NO;
				SWIFT_VERSION = 5.0;
				SUPPORTED_PLATFORMS = "iphoneos iphonesimulator";
				SUPPORTS_MACCATALYST = NO;
				TARGETED_DEVICE_FAMILY = "1,2";
				TEST_HOST = "$(BUILT_PRODUCTS_DIR)/PersonalOS.app/$(BUNDLE_EXECUTABLE_FOLDER_PATH)/PersonalOS";
			};
			name = Release;
		};
/* End XCBuildConfiguration section */

/* Begin XCConfigurationList section */
		3326E809A30B4ED080159F64 /* Build configuration list for PBXProject "PersonalOS" */ = {
			isa = XCConfigurationList;
			buildConfigurations = (
				EC86DC4F4B4C60C3EC031655 /* Debug */,
				7BF40F069D95C38DE60AA602 /* Release */,
			);
			defaultConfigurationIsVisible = 0;
			defaultConfigurationName = Release;
		};
		4A3F8A7386649DBC83DE8288 /* Build configuration list for PBXNativeTarget "PersonalOS" */ = {
			isa = XCConfigurationList;
			buildConfigurations = (
				0F9FC8EE2C99E07A9753399D /* Debug */,
				1483FA26082F598A11F242FF /* Release */,
			);
			defaultConfigurationIsVisible = 0;
			defaultConfigurationName = Release;
		};
		AF122CB3EAF4E6DA266B414D /* Build configuration list for PBXNativeTarget "PersonalOSTests" */ = {
			isa = XCConfigurationList;
			buildConfigurations = (
				7CB61F3D2D3B2A7FBA3915B0 /* Debug */,
				C3B1D3E1EA0DF0CA96EE4015 /* Release */,
			);
			defaultConfigurationIsVisible = 0;
			defaultConfigurationName = Release;
		};
/* End XCConfigurationList section */

	};
	rootObject = 46F86FAA6BBF9AC94A7E4595 /* Project object */;
}
