// !$*UTF8*$!
{
	archiveVersion = 1;
	classes = {
	};
	objectVersion = 56;
	objects = {

/* Begin PBXBuildFile section */
		623E2A634CAD4435BBD28B09 /* PersonalOSApp.swift in Sources */ = {isa = PBXBuildFile; fileRef = 2D2369D10AF54A0188E4E293 /* PersonalOSApp.swift */; };
		380521DB856D41F885ECE0D6 /* CryptoService.swift in Sources */ = {isa = PBXBuildFile; fileRef = 4FEEAE036FE74C4D991A75AF /* CryptoService.swift */; };
		1ED5CE57441444E781F43231 /* Consent.swift in Sources */ = {isa = PBXBuildFile; fileRef = F5B948D51ECF42F8A12B1104 /* Consent.swift */; };
		89B04BAE3C18473C9E2F3D03 /* Insight.swift in Sources */ = {isa = PBXBuildFile; fileRef = EDE5186B974742C6AB922816 /* Insight.swift */; };
		734B46A672AF414C8BFB0997 /* Konnection.swift in Sources */ = {isa = PBXBuildFile; fileRef = 09427AC9811D4BB8A579D146 /* Konnection.swift */; };
		8D03D7F29D7940AD82B8105A /* Offer.swift in Sources */ = {isa = PBXBuildFile; fileRef = 8D27108378AC4F9790DE4BD7 /* Offer.swift */; };
		02390044D11A4AD49DFC76FB /* Soul.swift in Sources */ = {isa = PBXBuildFile; fileRef = 4BDE41DDFE9245A5A083FDA3 /* Soul.swift */; };
		557ACD2F7E794FCFAE1C0232 /* SoulTransaktion.swift in Sources */ = {isa = PBXBuildFile; fileRef = 984BCE40208545FC89814870 /* SoulTransaktion.swift */; };
		020D868AF97C4F8BADA23E64 /* SyncReport.swift in Sources */ = {isa = PBXBuildFile; fileRef = B48ECB407A704D41849ED572 /* SyncReport.swift */; };
		5D53F10A6F374DA4A6EC910C /* PersistenceService.swift in Sources */ = {isa = PBXBuildFile; fileRef = 40ABA03C97434DF1A565376C /* PersistenceService.swift */; };
		873E210713D04540B251592B /* SwiftDataModels.swift in Sources */ = {isa = PBXBuildFile; fileRef = F4EAB0ADBED8470EB992FE42 /* SwiftDataModels.swift */; };
		75E8650E851A4C85AE578A7A /* BasicScoringEngine.swift in Sources */ = {isa = PBXBuildFile; fileRef = D81347C6925F4972BDF87146 /* BasicScoringEngine.swift */; };
		FEC1C17F170E499F9E516128 /* LivePasskeyService.swift in Sources */ = {isa = PBXBuildFile; fileRef = EF6E926BED434775BAAB2188 /* LivePasskeyService.swift */; };
		9B0F47FF5410446CA6331BD6 /* MockPasskeyService.swift in Sources */ = {isa = PBXBuildFile; fileRef = 8477969C740C4DEDB36F8A92 /* MockPasskeyService.swift */; };
		B17BE129D6204CE68CCE4989 /* MockPlaidService.swift in Sources */ = {isa = PBXBuildFile; fileRef = B0B3AA60217F4D52B9E70457 /* MockPlaidService.swift */; };
		929D79E782AF4FFEB078B016 /* PasskeyProviding.swift in Sources */ = {isa = PBXBuildFile; fileRef = 1F1CE2B1A9E84A0096ACC49B /* PasskeyProviding.swift */; };
		1775CE8FBF18466F9E7DF34A /* PlaidProviding.swift in Sources */ = {isa = PBXBuildFile; fileRef = D7BA88326C0347C2B4502A41 /* PlaidProviding.swift */; };
		634E2FA87A974ED99A50D5E4 /* SoulManager.swift in Sources */ = {isa = PBXBuildFile; fileRef = 76F42669B9134D3CA1204C0C /* SoulManager.swift */; };
		258A08B7335249CB9ABA562C /* SyncObserver.swift in Sources */ = {isa = PBXBuildFile; fileRef = 23E482B3656743EA81EA9690 /* SyncObserver.swift */; };
		5018552011D84811A0B454B9 /* SandboxDataGenerator.swift in Sources */ = {isa = PBXBuildFile; fileRef = EEC725627BAA472982E9C836 /* SandboxDataGenerator.swift */; };
		34B348DC77D7402FB8BDD5F5 /* WalletService.swift in Sources */ = {isa = PBXBuildFile; fileRef = A9ECABDC4CB74109A6F5864F /* WalletService.swift */; };
		43FE9AF76A6646C389C6683B /* InsightFeedView.swift in Sources */ = {isa = PBXBuildFile; fileRef = 45F4D0C147DB4D7DBAC50057 /* InsightFeedView.swift */; };
		BC4410D306554143BFF185FE /* MainTabView.swift in Sources */ = {isa = PBXBuildFile; fileRef = 3EB7900361EB4DF9AA43A2ED /* MainTabView.swift */; };
		40A3F697C7034E97B5BA76E8 /* OnboardingFlow.swift in Sources */ = {isa = PBXBuildFile; fileRef = 11C311D1666B4D46981B4237 /* OnboardingFlow.swift */; };
		3FE2C87C0603480CA1145BC3 /* WalletView.swift in Sources */ = {isa = PBXBuildFile; fileRef = 86267720CCDD46ACA47E890F /* WalletView.swift */; };
		4E99BD59B60243B1AC12E41C /* SoulManagerTests.swift in Sources */ = {isa = PBXBuildFile; fileRef = 84FC48F15ED44640BCA89C69 /* SoulManagerTests.swift */; };
		243686CDC20B483EB19B9285 /* CryptoServiceTests.swift in Sources */ = {isa = PBXBuildFile; fileRef = A76404BB932643ABAE67D5CE /* CryptoServiceTests.swift */; };
		BF1F99A27F534BD5B53018D1 /* ModelTests.swift in Sources */ = {isa = PBXBuildFile; fileRef = 9BD3DD6993D94ADDB71DF21D /* ModelTests.swift */; };
		A7836C14972E4E7BB5A682C0 /* BasicScoringEngineTests.swift in Sources */ = {isa = PBXBuildFile; fileRef = 8CF439BDC0E042E692FDDF33 /* BasicScoringEngineTests.swift */; };
		E0B8D746F2224DDFA3020735 /* MockPlaidServiceTests.swift in Sources */ = {isa = PBXBuildFile; fileRef = 5D7A513A5B544F6C8E5FB3EF /* MockPlaidServiceTests.swift */; };
		3CB8C666352443ABBBDC9407 /* PersistenceServiceTests.swift in Sources */ = {isa = PBXBuildFile; fileRef = 806B05A3284F4DAE89197EFE /* PersistenceServiceTests.swift */; };
		11DBB4F99CCE47AD8295C381 /* SyncObserverTests.swift in Sources */ = {isa = PBXBuildFile; fileRef = 80399D5BF2B04720961C1478 /* SyncObserverTests.swift */; };
		BA0380D8E66A43CEAAE62C90 /* Assets.xcassets in Resources */ = {isa = PBXBuildFile; fileRef = 53A08CB82E07472C932E67D1 /* Assets.xcassets */; };
/* End PBXBuildFile section */

/* Begin PBXContainerItemProxy section */
		7B552C6B7F754AFD9CE159D4 /* PBXContainerItemProxy */ = {
			isa = PBXContainerItemProxy;
			containerPortal = E08E9DA533EE4D56A6613BEF /* Project object */;
			proxyType = 1;
			remoteGlobalIDString = BE1B9235486B420397375991;
			remoteInfo = PersonalOS;
		};
/* End PBXContainerItemProxy section */

/* Begin PBXFileReference section */
		F78EC27ED28D4EBC814A636C /* PersonalOS.app */ = {isa = PBXFileReference; explicitFileType = wrapper.application; includeInIndex = 0; path = PersonalOS.app; sourceTree = BUILT_PRODUCTS_DIR; };
		EE4FC61E89A54C89841F528C /* PersonalOSTests.xctest */ = {isa = PBXFileReference; explicitFileType = wrapper.cfbundle; includeInIndex = 0; path = PersonalOSTests.xctest; sourceTree = BUILT_PRODUCTS_DIR; };
		2D2369D10AF54A0188E4E293 /* PersonalOSApp.swift */ = {isa = PBXFileReference; lastKnownFileType = sourcecode.swift; path = PersonalOSApp.swift; sourceTree = "<group>"; };
		4FEEAE036FE74C4D991A75AF /* CryptoService.swift */ = {isa = PBXFileReference; lastKnownFileType = sourcecode.swift; path = CryptoService.swift; sourceTree = "<group>"; };
		F5B948D51ECF42F8A12B1104 /* Consent.swift */ = {isa = PBXFileReference; lastKnownFileType = sourcecode.swift; path = Consent.swift; sourceTree = "<group>"; };
		EDE5186B974742C6AB922816 /* Insight.swift */ = {isa = PBXFileReference; lastKnownFileType = sourcecode.swift; path = Insight.swift; sourceTree = "<group>"; };
		09427AC9811D4BB8A579D146 /* Konnection.swift */ = {isa = PBXFileReference; lastKnownFileType = sourcecode.swift; path = Konnection.swift; sourceTree = "<group>"; };
		8D27108378AC4F9790DE4BD7 /* Offer.swift */ = {isa = PBXFileReference; lastKnownFileType = sourcecode.swift; path = Offer.swift; sourceTree = "<group>"; };
		4BDE41DDFE9245A5A083FDA3 /* Soul.swift */ = {isa = PBXFileReference; lastKnownFileType = sourcecode.swift; path = Soul.swift; sourceTree = "<group>"; };
		984BCE40208545FC89814870 /* SoulTransaktion.swift */ = {isa = PBXFileReference; lastKnownFileType = sourcecode.swift; path = SoulTransaktion.swift; sourceTree = "<group>"; };
		B48ECB407A704D41849ED572 /* SyncReport.swift */ = {isa = PBXFileReference; lastKnownFileType = sourcecode.swift; path = SyncReport.swift; sourceTree = "<group>"; };
		40ABA03C97434DF1A565376C /* PersistenceService.swift */ = {isa = PBXFileReference; lastKnownFileType = sourcecode.swift; path = PersistenceService.swift; sourceTree = "<group>"; };
		F4EAB0ADBED8470EB992FE42 /* SwiftDataModels.swift */ = {isa = PBXFileReference; lastKnownFileType = sourcecode.swift; path = SwiftDataModels.swift; sourceTree = "<group>"; };
		D81347C6925F4972BDF87146 /* BasicScoringEngine.swift */ = {isa = PBXFileReference; lastKnownFileType = sourcecode.swift; path = BasicScoringEngine.swift; sourceTree = "<group>"; };
		EF6E926BED434775BAAB2188 /* LivePasskeyService.swift */ = {isa = PBXFileReference; lastKnownFileType = sourcecode.swift; path = LivePasskeyService.swift; sourceTree = "<group>"; };
		8477969C740C4DEDB36F8A92 /* MockPasskeyService.swift */ = {isa = PBXFileReference; lastKnownFileType = sourcecode.swift; path = MockPasskeyService.swift; sourceTree = "<group>"; };
		B0B3AA60217F4D52B9E70457 /* MockPlaidService.swift */ = {isa = PBXFileReference; lastKnownFileType = sourcecode.swift; path = MockPlaidService.swift; sourceTree = "<group>"; };
		1F1CE2B1A9E84A0096ACC49B /* PasskeyProviding.swift */ = {isa = PBXFileReference; lastKnownFileType = sourcecode.swift; path = PasskeyProviding.swift; sourceTree = "<group>"; };
		D7BA88326C0347C2B4502A41 /* PlaidProviding.swift */ = {isa = PBXFileReference; lastKnownFileType = sourcecode.swift; path = PlaidProviding.swift; sourceTree = "<group>"; };
		76F42669B9134D3CA1204C0C /* SoulManager.swift */ = {isa = PBXFileReference; lastKnownFileType = sourcecode.swift; path = SoulManager.swift; sourceTree = "<group>"; };
		23E482B3656743EA81EA9690 /* SyncObserver.swift */ = {isa = PBXFileReference; lastKnownFileType = sourcecode.swift; path = SyncObserver.swift; sourceTree = "<group>"; };
		EEC725627BAA472982E9C836 /* SandboxDataGenerator.swift */ = {isa = PBXFileReference; lastKnownFileType = sourcecode.swift; path = SandboxDataGenerator.swift; sourceTree = "<group>"; };
		A9ECABDC4CB74109A6F5864F /* WalletService.swift */ = {isa = PBXFileReference; lastKnownFileType = sourcecode.swift; path = WalletService.swift; sourceTree = "<group>"; };
		45F4D0C147DB4D7DBAC50057 /* InsightFeedView.swift */ = {isa = PBXFileReference; lastKnownFileType = sourcecode.swift; path = InsightFeedView.swift; sourceTree = "<group>"; };
		3EB7900361EB4DF9AA43A2ED /* MainTabView.swift */ = {isa = PBXFileReference; lastKnownFileType = sourcecode.swift; path = MainTabView.swift; sourceTree = "<group>"; };
		11C311D1666B4D46981B4237 /* OnboardingFlow.swift */ = {isa = PBXFileReference; lastKnownFileType = sourcecode.swift; path = OnboardingFlow.swift; sourceTree = "<group>"; };
		86267720CCDD46ACA47E890F /* WalletView.swift */ = {isa = PBXFileReference; lastKnownFileType = sourcecode.swift; path = WalletView.swift; sourceTree = "<group>"; };
		84FC48F15ED44640BCA89C69 /* SoulManagerTests.swift */ = {isa = PBXFileReference; lastKnownFileType = sourcecode.swift; path = SoulManagerTests.swift; sourceTree = "<group>"; };
		A76404BB932643ABAE67D5CE /* CryptoServiceTests.swift */ = {isa = PBXFileReference; lastKnownFileType = sourcecode.swift; path = CryptoServiceTests.swift; sourceTree = "<group>"; };
		9BD3DD6993D94ADDB71DF21D /* ModelTests.swift */ = {isa = PBXFileReference; lastKnownFileType = sourcecode.swift; path = ModelTests.swift; sourceTree = "<group>"; };
		8CF439BDC0E042E692FDDF33 /* BasicScoringEngineTests.swift */ = {isa = PBXFileReference; lastKnownFileType = sourcecode.swift; path = BasicScoringEngineTests.swift; sourceTree = "<group>"; };
		5D7A513A5B544F6C8E5FB3EF /* MockPlaidServiceTests.swift */ = {isa = PBXFileReference; lastKnownFileType = sourcecode.swift; path = MockPlaidServiceTests.swift; sourceTree = "<group>"; };
		806B05A3284F4DAE89197EFE /* PersistenceServiceTests.swift */ = {isa = PBXFileReference; lastKnownFileType = sourcecode.swift; path = PersistenceServiceTests.swift; sourceTree = "<group>"; };
		80399D5BF2B04720961C1478 /* SyncObserverTests.swift */ = {isa = PBXFileReference; lastKnownFileType = sourcecode.swift; path = SyncObserverTests.swift; sourceTree = "<group>"; };
		53A08CB82E07472C932E67D1 /* Assets.xcassets */ = {isa = PBXFileReference; lastKnownFileType = folder.assetcatalog; path = Assets.xcassets; sourceTree = "<group>"; };
/* End PBXFileReference section */

/* Begin PBXGroup section */
		B8BD3A8B2F4D48DDA42ECA7E = {
			isa = PBXGroup;
			children = (
				3F525DEF490748969ED051F6 /* PersonalOS */,
				2F877AAD4D824D2D80510866 /* PersonalOSTests */,
				95DFA58CEA9C40B39D2E3A71 /* Products */,
			);
			sourceTree = "<group>";
		};
		95DFA58CEA9C40B39D2E3A71 /* Products */ = {
			isa = PBXGroup;
			children = (
				F78EC27ED28D4EBC814A636C /* PersonalOS.app */,
				EE4FC61E89A54C89841F528C /* PersonalOSTests.xctest */,
			);
			name = Products;
			sourceTree = "<group>";
		};
		3F525DEF490748969ED051F6 /* PersonalOS */ = {
			isa = PBXGroup;
			children = (
				2D2369D10AF54A0188E4E293 /* PersonalOSApp.swift */,
				53A08CB82E07472C932E67D1 /* Assets.xcassets */,
				9952D036FDB4426899904FE5 /* Models */,
				7D4ED071B0504451A78EB650 /* Services */,
				79E82673DF1E42A3A3A3F939 /* Crypto */,
				C796DFAB27FF4AC395011461 /* Persistence */,
				6C1A7C78350A44B885ED794B /* Views */,
			);
			path = PersonalOS;
			sourceTree = "<group>";
		};
		9952D036FDB4426899904FE5 /* Models */ = {
			isa = PBXGroup;
			children = (
				F5B948D51ECF42F8A12B1104 /* Consent.swift */,
				EDE5186B974742C6AB922816 /* Insight.swift */,
				09427AC9811D4BB8A579D146 /* Konnection.swift */,
				8D27108378AC4F9790DE4BD7 /* Offer.swift */,
				4BDE41DDFE9245A5A083FDA3 /* Soul.swift */,
				984BCE40208545FC89814870 /* SoulTransaktion.swift */,
				B48ECB407A704D41849ED572 /* SyncReport.swift */,
			);
			path = Models;
			sourceTree = "<group>";
		};
		7D4ED071B0504451A78EB650 /* Services */ = {
			isa = PBXGroup;
			children = (
				D81347C6925F4972BDF87146 /* BasicScoringEngine.swift */,
				EF6E926BED434775BAAB2188 /* LivePasskeyService.swift */,
				8477969C740C4DEDB36F8A92 /* MockPasskeyService.swift */,
				B0B3AA60217F4D52B9E70457 /* MockPlaidService.swift */,
				1F1CE2B1A9E84A0096ACC49B /* PasskeyProviding.swift */,
				D7BA88326C0347C2B4502A41 /* PlaidProviding.swift */,
				76F42669B9134D3CA1204C0C /* SoulManager.swift */,
				23E482B3656743EA81EA9690 /* SyncObserver.swift */,
				EEC725627BAA472982E9C836 /* SandboxDataGenerator.swift */,
				A9ECABDC4CB74109A6F5864F /* WalletService.swift */,
			);
			path = Services;
			sourceTree = "<group>";
		};
		79E82673DF1E42A3A3A3F939 /* Crypto */ = {
			isa = PBXGroup;
			children = (
				4FEEAE036FE74C4D991A75AF /* CryptoService.swift */,
			);
			path = Crypto;
			sourceTree = "<group>";
		};
		C796DFAB27FF4AC395011461 /* Persistence */ = {
			isa = PBXGroup;
			children = (
				40ABA03C97434DF1A565376C /* PersistenceService.swift */,
				F4EAB0ADBED8470EB992FE42 /* SwiftDataModels.swift */,
			);
			path = Persistence;
			sourceTree = "<group>";
		};
		6C1A7C78350A44B885ED794B /* Views */ = {
			isa = PBXGroup;
			children = (
				3EB7900361EB4DF9AA43A2ED /* MainTabView.swift */,
				A8D14FD53E684EB3BD184308 /* Insights */,
				DEB2A4C77CEE4146A03A7BB2 /* Onboarding */,
				72C4D0DFC7C94A3582544602 /* Wallet */,
			);
			path = Views;
			sourceTree = "<group>";
		};
		A8D14FD53E684EB3BD184308 /* Insights */ = {
			isa = PBXGroup;
			children = (
				45F4D0C147DB4D7DBAC50057 /* InsightFeedView.swift */,
			);
			path = Insights;
			sourceTree = "<group>";
		};
		DEB2A4C77CEE4146A03A7BB2 /* Onboarding */ = {
			isa = PBXGroup;
			children = (
				11C311D1666B4D46981B4237 /* OnboardingFlow.swift */,
			);
			path = Onboarding;
			sourceTree = "<group>";
		};
		72C4D0DFC7C94A3582544602 /* Wallet */ = {
			isa = PBXGroup;
			children = (
				86267720CCDD46ACA47E890F /* WalletView.swift */,
			);
			path = Wallet;
			sourceTree = "<group>";
		};
		2F877AAD4D824D2D80510866 /* PersonalOSTests */ = {
			isa = PBXGroup;
			children = (
				84FC48F15ED44640BCA89C69 /* SoulManagerTests.swift */,
				A76404BB932643ABAE67D5CE /* CryptoServiceTests.swift */,
				9BD3DD6993D94ADDB71DF21D /* ModelTests.swift */,
				8CF439BDC0E042E692FDDF33 /* BasicScoringEngineTests.swift */,
				5D7A513A5B544F6C8E5FB3EF /* MockPlaidServiceTests.swift */,
				806B05A3284F4DAE89197EFE /* PersistenceServiceTests.swift */,
				80399D5BF2B04720961C1478 /* SyncObserverTests.swift */,
			);
			path = PersonalOSTests;
			sourceTree = "<group>";
		};
/* End PBXGroup section */

/* Begin PBXNativeTarget section */
		BE1B9235486B420397375991 /* PersonalOS */ = {
			isa = PBXNativeTarget;
			buildConfigurationList = 370292C447CB42FD8DCBF8E2;
			buildPhases = (
				A2486EF4C497467F82C1F34B /* Sources */,
				BD41CDF26E084C568329A111 /* Frameworks */,
				1A5782C7F86749BBAA96370A /* Resources */,
			);
			buildRules = (
			);
			dependencies = (
			);
			name = PersonalOS;
			productName = PersonalOS;
			productReference = F78EC27ED28D4EBC814A636C /* PersonalOS.app */;
			productType = "com.apple.product-type.application";
		};
		253C9FAAC2FB443B8085E2F4 /* PersonalOSTests */ = {
			isa = PBXNativeTarget;
			buildConfigurationList = B7FB429C0FE647E586200C14;
			buildPhases = (
				2370B7A4EE0C4A9D959A0244 /* Sources */,
				30E5E36C98E64F878BB88F84 /* Frameworks */,
			);
			buildRules = (
			);
			dependencies = (
				2A1383F5303346EA9A9E5678 /* PBXTargetDependency */,
			);
			name = PersonalOSTests;
			productName = PersonalOSTests;
			productReference = EE4FC61E89A54C89841F528C /* PersonalOSTests.xctest */;
			productType = "com.apple.product-type.bundle.unit-test";
		};
/* End PBXNativeTarget section */

/* Begin PBXProject section */
		E08E9DA533EE4D56A6613BEF /* Project object */ = {
			isa = PBXProject;
			attributes = {
				BuildIndependentTargetsInParallel = 1;
				LastSwiftUpdateCheck = 1540;
				LastUpgradeCheck = 1540;
			};
			buildConfigurationList = C29F3AD5EE684615A12F17B4;
			compatibilityVersion = "Xcode 14.0";
			developmentRegion = en;
			hasScannedForEncodings = 0;
			knownRegions = (
				en,
				Base,
			);
			mainGroup = B8BD3A8B2F4D48DDA42ECA7E;
			productRefGroup = 95DFA58CEA9C40B39D2E3A71 /* Products */;
			projectDirPath = "";
			projectRoot = "";
			targets = (
				BE1B9235486B420397375991 /* PersonalOS */,
				253C9FAAC2FB443B8085E2F4 /* PersonalOSTests */,
			);
		};
/* End PBXProject section */

/* Begin PBXResourcesBuildPhase section */
		1A5782C7F86749BBAA96370A /* Resources */ = {
			isa = PBXResourcesBuildPhase;
			buildActionMask = 2147483647;
			files = (
				BA0380D8E66A43CEAAE62C90 /* Assets.xcassets in Resources */,
			);
			runOnlyForDeploymentPostprocessing = 0;
		};
/* End PBXResourcesBuildPhase section */

/* Begin PBXSourcesBuildPhase section */
		A2486EF4C497467F82C1F34B /* Sources */ = {
			isa = PBXSourcesBuildPhase;
			buildActionMask = 2147483647;
			files = (
				623E2A634CAD4435BBD28B09 /* PersonalOSApp.swift in Sources */,
				380521DB856D41F885ECE0D6 /* CryptoService.swift in Sources */,
				1ED5CE57441444E781F43231 /* Consent.swift in Sources */,
				89B04BAE3C18473C9E2F3D03 /* Insight.swift in Sources */,
				734B46A672AF414C8BFB0997 /* Konnection.swift in Sources */,
				8D03D7F29D7940AD82B8105A /* Offer.swift in Sources */,
				02390044D11A4AD49DFC76FB /* Soul.swift in Sources */,
				557ACD2F7E794FCFAE1C0232 /* SoulTransaktion.swift in Sources */,
				020D868AF97C4F8BADA23E64 /* SyncReport.swift in Sources */,
				5D53F10A6F374DA4A6EC910C /* PersistenceService.swift in Sources */,
				873E210713D04540B251592B /* SwiftDataModels.swift in Sources */,
				75E8650E851A4C85AE578A7A /* BasicScoringEngine.swift in Sources */,
				FEC1C17F170E499F9E516128 /* LivePasskeyService.swift in Sources */,
				9B0F47FF5410446CA6331BD6 /* MockPasskeyService.swift in Sources */,
				B17BE129D6204CE68CCE4989 /* MockPlaidService.swift in Sources */,
				929D79E782AF4FFEB078B016 /* PasskeyProviding.swift in Sources */,
				1775CE8FBF18466F9E7DF34A /* PlaidProviding.swift in Sources */,
				634E2FA87A974ED99A50D5E4 /* SoulManager.swift in Sources */,
				258A08B7335249CB9ABA562C /* SyncObserver.swift in Sources */,
				5018552011D84811A0B454B9 /* SandboxDataGenerator.swift in Sources */,
				34B348DC77D7402FB8BDD5F5 /* WalletService.swift in Sources */,
				43FE9AF76A6646C389C6683B /* InsightFeedView.swift in Sources */,
				BC4410D306554143BFF185FE /* MainTabView.swift in Sources */,
				40A3F697C7034E97B5BA76E8 /* OnboardingFlow.swift in Sources */,
				3FE2C87C0603480CA1145BC3 /* WalletView.swift in Sources */,
			);
			runOnlyForDeploymentPostprocessing = 0;
		};
		2370B7A4EE0C4A9D959A0244 /* Sources */ = {
			isa = PBXSourcesBuildPhase;
			buildActionMask = 2147483647;
			files = (
				4E99BD59B60243B1AC12E41C /* SoulManagerTests.swift in Sources */,
				243686CDC20B483EB19B9285 /* CryptoServiceTests.swift in Sources */,
				BF1F99A27F534BD5B53018D1 /* ModelTests.swift in Sources */,
				A7836C14972E4E7BB5A682C0 /* BasicScoringEngineTests.swift in Sources */,
				E0B8D746F2224DDFA3020735 /* MockPlaidServiceTests.swift in Sources */,
				3CB8C666352443ABBBDC9407 /* PersistenceServiceTests.swift in Sources */,
				11DBB4F99CCE47AD8295C381 /* SyncObserverTests.swift in Sources */,
			);
			runOnlyForDeploymentPostprocessing = 0;
		};
/* End PBXSourcesBuildPhase section */

/* Begin PBXFrameworksBuildPhase section */
		BD41CDF26E084C568329A111 /* Frameworks */ = {
			isa = PBXFrameworksBuildPhase;
			buildActionMask = 2147483647;
			files = (
			);
			runOnlyForDeploymentPostprocessing = 0;
		};
		30E5E36C98E64F878BB88F84 /* Frameworks */ = {
			isa = PBXFrameworksBuildPhase;
			buildActionMask = 2147483647;
			files = (
			);
			runOnlyForDeploymentPostprocessing = 0;
		};
/* End PBXFrameworksBuildPhase section */

/* Begin PBXTargetDependency section */
		2A1383F5303346EA9A9E5678 /* PBXTargetDependency */ = {
			isa = PBXTargetDependency;
			target = BE1B9235486B420397375991 /* PersonalOS */;
			targetProxy = 7B552C6B7F754AFD9CE159D4 /* PBXContainerItemProxy */;
		};
/* End PBXTargetDependency section */

/* Begin XCBuildConfiguration section */
		C8947F57D465486CBE2A6D69 /* Debug */ = {
			isa = XCBuildConfiguration;
			buildSettings = {

				ALWAYS_SEARCH_USER_PATHS = NO;
				ASSETCATALOG_COMPILER_GENERATE_SWIFT_ASSET_SYMBOL_EXTENSIONS = YES;
				CLANG_ANALYZER_NONNULL = YES;
				CLANG_CXX_LANGUAGE_STANDARD = "gnu++20";
				CLANG_ENABLE_MODULES = YES;
				CLANG_ENABLE_OBJC_ARC = YES;
				COPY_PHASE_STRIP = NO;
				ENABLE_STRICT_OBJC_MSGSEND = YES;
				GCC_NO_COMMON_BLOCKS = YES;
				IPHONEOS_DEPLOYMENT_TARGET = 17.0;
				MTL_ENABLE_DEBUG_INFO = INCLUDE_SOURCE;
				SDKROOT = iphoneos;
				SWIFT_ACTIVE_COMPILATION_CONDITIONS = "$(inherited)";
				SWIFT_VERSION = 5.0;
				DEBUG_INFORMATION_FORMAT = dwarf;
				ENABLE_TESTABILITY = YES;
				GCC_OPTIMIZATION_LEVEL = 0;
				ONLY_ACTIVE_ARCH = YES;
				SWIFT_OPTIMIZATION_LEVEL = "-Onone";
			};
			name = Debug;
		};
		7546873AAC5847A0BDA4234A /* Release */ = {
			isa = XCBuildConfiguration;
			buildSettings = {

				ALWAYS_SEARCH_USER_PATHS = NO;
				ASSETCATALOG_COMPILER_GENERATE_SWIFT_ASSET_SYMBOL_EXTENSIONS = YES;
				CLANG_ANALYZER_NONNULL = YES;
				CLANG_CXX_LANGUAGE_STANDARD = "gnu++20";
				CLANG_ENABLE_MODULES = YES;
				CLANG_ENABLE_OBJC_ARC = YES;
				COPY_PHASE_STRIP = NO;
				ENABLE_STRICT_OBJC_MSGSEND = YES;
				GCC_NO_COMMON_BLOCKS = YES;
				IPHONEOS_DEPLOYMENT_TARGET = 17.0;
				MTL_ENABLE_DEBUG_INFO = INCLUDE_SOURCE;
				SDKROOT = iphoneos;
				SWIFT_ACTIVE_COMPILATION_CONDITIONS = "$(inherited)";
				SWIFT_VERSION = 5.0;
				DEBUG_INFORMATION_FORMAT = "dwarf-with-dsym";
				ENABLE_NS_ASSERTIONS = NO;
				SWIFT_COMPILATION_MODE = wholemodule;
				VALIDATE_PRODUCT = YES;
			};
			name = Release;
		};
		5A5D156336A24CB78AA67E78 /* Debug */ = {
			isa = XCBuildConfiguration;
			buildSettings = {
				ASSETCATALOG_COMPILER_APPICON_NAME = AppIcon;
				GENERATE_INFOPLIST_FILE = YES;
				CODE_SIGN_STYLE = Automatic;
				INFOPLIST_KEY_UIApplicationSceneManifest_Generation = YES;
				INFOPLIST_KEY_UIApplicationSupportsIndirectInputEvents = YES;
				INFOPLIST_KEY_UILaunchScreen_Generation = YES;
				INFOPLIST_KEY_UISupportedInterfaceOrientations_iPad = "UIInterfaceOrientationPortrait UIInterfaceOrientationPortraitUpsideDown UIInterfaceOrientationLandscapeLeft UIInterfaceOrientationLandscapeRight";
				INFOPLIST_KEY_UISupportedInterfaceOrientations_iPhone = "UIInterfaceOrientationPortrait UIInterfaceOrientationLandscapeLeft UIInterfaceOrientationLandscapeRight";
				PRODUCT_BUNDLE_IDENTIFIER = app.personalos.PersonalOS;
				PRODUCT_NAME = "$(TARGET_NAME)";
				SUPPORTED_PLATFORMS = "iphoneos iphonesimulator";
				SUPPORTS_MACCATALYST = NO;
				SWIFT_EMIT_LOC_STRINGS = YES;
				TARGETED_DEVICE_FAMILY = "1,2";
			};
			name = Debug;
		};
		5C7B1ED88AAE46AB91762C27 /* Release */ = {
			isa = XCBuildConfiguration;
			buildSettings = {
				ASSETCATALOG_COMPILER_APPICON_NAME = AppIcon;
				GENERATE_INFOPLIST_FILE = YES;
				CODE_SIGN_STYLE = Automatic;
				INFOPLIST_KEY_UIApplicationSceneManifest_Generation = YES;
				INFOPLIST_KEY_UIApplicationSupportsIndirectInputEvents = YES;
				INFOPLIST_KEY_UILaunchScreen_Generation = YES;
				INFOPLIST_KEY_UISupportedInterfaceOrientations_iPad = "UIInterfaceOrientationPortrait UIInterfaceOrientationPortraitUpsideDown UIInterfaceOrientationLandscapeLeft UIInterfaceOrientationLandscapeRight";
				INFOPLIST_KEY_UISupportedInterfaceOrientations_iPhone = "UIInterfaceOrientationPortrait UIInterfaceOrientationLandscapeLeft UIInterfaceOrientationLandscapeRight";
				PRODUCT_BUNDLE_IDENTIFIER = app.personalos.PersonalOS;
				PRODUCT_NAME = "$(TARGET_NAME)";
				SUPPORTED_PLATFORMS = "iphoneos iphonesimulator";
				SUPPORTS_MACCATALYST = NO;
				SWIFT_EMIT_LOC_STRINGS = YES;
				TARGETED_DEVICE_FAMILY = "1,2";
			};
			name = Release;
		};
		51F5C53F271C4F0C912CF080 /* Debug */ = {
			isa = XCBuildConfiguration;
			buildSettings = {
				BUNDLE_LOADER = "$(TEST_HOST)";
				GENERATE_INFOPLIST_FILE = YES;
				CODE_SIGN_STYLE = Automatic;
				PRODUCT_BUNDLE_IDENTIFIER = app.personalos.PersonalOSTests;
				PRODUCT_NAME = "$(TARGET_NAME)";
				SUPPORTED_PLATFORMS = "iphoneos iphonesimulator";
				SUPPORTS_MACCATALYST = NO;
				SWIFT_EMIT_LOC_STRINGS = NO;
				TARGETED_DEVICE_FAMILY = "1,2";
				TEST_HOST = "$(BUILT_PRODUCTS_DIR)/PersonalOS.app/$(BUNDLE_EXECUTABLE_FOLDER_PATH)/PersonalOS";
			};
			name = Debug;
		};
		9FC166CF85B54E26B75BA960 /* Release */ = {
			isa = XCBuildConfiguration;
			buildSettings = {
				BUNDLE_LOADER = "$(TEST_HOST)";
				GENERATE_INFOPLIST_FILE = YES;
				CODE_SIGN_STYLE = Automatic;
				PRODUCT_BUNDLE_IDENTIFIER = app.personalos.PersonalOSTests;
				PRODUCT_NAME = "$(TARGET_NAME)";
				SUPPORTED_PLATFORMS = "iphoneos iphonesimulator";
				SUPPORTS_MACCATALYST = NO;
				SWIFT_EMIT_LOC_STRINGS = NO;
				TARGETED_DEVICE_FAMILY = "1,2";
				TEST_HOST = "$(BUILT_PRODUCTS_DIR)/PersonalOS.app/$(BUNDLE_EXECUTABLE_FOLDER_PATH)/PersonalOS";
			};
			name = Release;
		};
/* End XCBuildConfiguration section */

/* Begin XCConfigurationList section */
		C29F3AD5EE684615A12F17B4 /* Build configuration list for PBXProject "PersonalOS" */ = {
			isa = XCConfigurationList;
			buildConfigurations = (
				C8947F57D465486CBE2A6D69 /* Debug */,
				7546873AAC5847A0BDA4234A /* Release */,
			);
			defaultConfigurationIsVisible = 0;
			defaultConfigurationName = Release;
		};
		370292C447CB42FD8DCBF8E2 /* Build configuration list for PBXNativeTarget "PersonalOS" */ = {
			isa = XCConfigurationList;
			buildConfigurations = (
				5A5D156336A24CB78AA67E78 /* Debug */,
				5C7B1ED88AAE46AB91762C27 /* Release */,
			);
			defaultConfigurationIsVisible = 0;
			defaultConfigurationName = Release;
		};
		B7FB429C0FE647E586200C14 /* Build configuration list for PBXNativeTarget "PersonalOSTests" */ = {
			isa = XCConfigurationList;
			buildConfigurations = (
				51F5C53F271C4F0C912CF080 /* Debug */,
				9FC166CF85B54E26B75BA960 /* Release */,
			);
			defaultConfigurationIsVisible = 0;
			defaultConfigurationName = Release;
		};
/* End XCConfigurationList section */

	};
	rootObject = E08E9DA533EE4D56A6613BEF /* Project object */;
}
